github.com/thanhpk/randstr v1.0.4 h1:IN78qu/bR+My+gHCvMEXhR/i5oriVHcTB/BJJIRTsNo=
github.com/thanhpk/randstr v1.0.4/go.mod h1:M/H2P1eNLZzlDwAzpkkkUvoyNNMbzRGhESZuEQk3r0U=
github.com/thanhpk/randstr v1.0.6 h1:psAOktJFD4vV9NEVb3qkhRSMvYh4ORRaj1+w/hn4B+o=
github.com/thanhpk/randstr v1.0.6/go.mod h1:M/H2P1eNLZzlDwAzpkkkUvoyNNMbzRGhESZuEQk3r0U=
